
Microsoft Visual Studio Solution File, Format Version 12.00
# Visual Studio Version 16
VisualStudioVersion = 16.0.30114.105
MinimumVisualStudioVersion = 10.0.40219.1
Project("{FAE04EC0-301F-11D3-BF4B-00C04F79EFBC}") = "nettle", "managed\nettle.csproj", "{AF3A7ADD-8187-48EB-B985-EE2EAA4B0823}"
EndProject
Project("{FAE04EC0-301F-11D3-BF4B-00C04F79EFBC}") = "InteropGenerator", "InteropGenerator\InteropGenerator.csproj", "{B8C7EFEB-7CE0-4FDE-B559-A586BEBF2024}"
EndProject
Global
	GlobalSection(SolutionConfigurationPlatforms) = preSolution
		Debug|Any CPU = Debug|Any CPU
		Release|Any CPU = Release|Any CPU
	EndGlobalSection
	GlobalSection(SolutionProperties) = preSolution
		HideSolutionNode = FALSE
	EndGlobalSection
	GlobalSection(ProjectConfigurationPlatforms) = postSolution
		{AF3A7ADD-8187-48EB-B985-EE2EAA4B0823}.Debug|Any CPU.ActiveCfg = Debug|Any CPU
		{AF3A7ADD-8187-48EB-B985-EE2EAA4B0823}.Debug|Any CPU.Build.0 = Debug|Any CPU
		{AF3A7ADD-8187-48EB-B985-EE2EAA4B0823}.Release|Any CPU.ActiveCfg = Release|Any CPU
		{AF3A7ADD-8187-48EB-B985-EE2EAA4B0823}.Release|Any CPU.Build.0 = Release|Any CPU
		{B8C7EFEB-7CE0-4FDE-B559-A586BEBF2024}.Debug|Any CPU.ActiveCfg = Debug|Any CPU
		{B8C7EFEB-7CE0-4FDE-B559-A586BEBF2024}.Debug|Any CPU.Build.0 = Debug|Any CPU
		{B8C7EFEB-7CE0-4FDE-B559-A586BEBF2024}.Release|Any CPU.ActiveCfg = Release|Any CPU
		{B8C7EFEB-7CE0-4FDE-B559-A586BEBF2024}.Release|Any CPU.Build.0 = Release|Any CPU
	EndGlobalSection
EndGlobal
